{
    "_readme": [
        "This file locks the dependencies of your project to a known state",
        "Read more about it at https://getcomposer.org/doc/01-basic-usage.md#installing-dependencies",
        "This file is @generated automatically"
    ],
    "content-hash": "e6b101e44a51acc3c8b2f08520d0ce9b",
    "packages": [
        {
            "name": "apache/log4php",
            "version": "2.3.0",
            "source": {
                "type": "git",
                "url": "https://git-wip-us.apache.org/repos/asf/logging-log4php.git",
                "reference": "cac428b6f67d2035af39784da1d1a299ef42fcf2"
            },
            "require": {
                "php": ">=5.2.7"
            },
            "type": "library",
            "autoload": {
                "classmap": [
                    "src/main/php/"
                ]
            },
            "notification-url": "https://packagist.org/downloads/",
            "license": [
                "Apache-2.0"
            ],
            "description": "A versatile logging framework for PHP",
            "homepage": "http://logging.apache.org/log4php/",
            "keywords": [
                "log",
                "logging",
                "php"
            ],
            "time": "2012-10-26T09:13:25+00:00"
        },
        {
            "name": "braga/db",
            "version": "2.1.4",
            "source": {
                "type": "git",
                "url": "https://github.com/tgajewski007/BragaDB.git",
                "reference": "91e6ab879374f30998e5f629b7e5d6e458802b63"
            },
            "dist": {
                "type": "zip",
                "url": "https://api.github.com/repos/tgajewski007/BragaDB/zipball/91e6ab879374f30998e5f629b7e5d6e458802b63",
                "reference": "91e6ab879374f30998e5f629b7e5d6e458802b63",
                "shasum": ""
            },
            "require": {
                "braga/tools": "~2",
                "php": ">=5.4.0"
            },
            "suggest": {
                "braga/tools": "Generator for dao object"
            },
            "type": "library",
            "autoload": {
                "psr-4": {
                    "braga\\db\\": "src"
                }
            },
            "notification-url": "https://packagist.org/downloads/",
            "license": [
                "MIT"
            ],
            "authors": [
                {
                    "name": "Tomasz Gajewski",
                    "email": "tgajewski007@gmail.com",
                    "role": "Developer"
                }
            ],
            "description": "DB Wraper",
            "homepage": "https://sourceforge.net/projects/braga/",
            "keywords": [
                "db",
                "mysql",
                "oracle",
                "pdo"
            ],
            "time": "2018-03-20T13:06:55+00:00"
        },
        {
            "name": "braga/tools",
            "version": "2.2.30",
            "source": {
                "type": "git",
                "url": "https://github.com/tgajewski007/BragaTools.git",
                "reference": "2e2877e0b57d6f01a39dca84e88b66a60fc2dabf"
            },
            "dist": {
                "type": "zip",
                "url": "https://api.github.com/repos/tgajewski007/BragaTools/zipball/2e2877e0b57d6f01a39dca84e88b66a60fc2dabf",
                "reference": "2e2877e0b57d6f01a39dca84e88b66a60fc2dabf",
                "shasum": ""
            },
            "require": {
                "apache/log4php": "~2.3",
                "php": ">=5.6"
            },
            "require-dev": {
                "phpunit/phpunit": "3.7.38"
            },
            "type": "library",
            "autoload": {
                "psr-4": {
                    "braga\\tools\\": "src"
                },
                "files": [
                    "src/tools/tools.php"
                ]
            },
            "notification-url": "https://packagist.org/downloads/",
            "license": [
                "MIT"
            ],
            "description": "Many difrent tools lib",
            "keywords": [
                "libs",
                "tools"
            ],
            "time": "2018-08-07T14:46:33+00:00"
        },
        {
            "name": "lcobucci/jwt",
            "version": "3.2.4",
            "source": {
                "type": "git",
                "url": "https://github.com/lcobucci/jwt.git",
                "reference": "c9704b751315d21735dc98d78d4f37bd73596da7"
            },
            "dist": {
                "type": "zip",
                "url": "https://api.github.com/repos/lcobucci/jwt/zipball/c9704b751315d21735dc98d78d4f37bd73596da7",
                "reference": "c9704b751315d21735dc98d78d4f37bd73596da7",
                "shasum": ""
            },
            "require": {
                "ext-openssl": "*",
                "php": ">=5.5"
            },
            "require-dev": {
                "mdanter/ecc": "~0.3.1",
                "mikey179/vfsstream": "~1.5",
                "phpmd/phpmd": "~2.2",
                "phpunit/php-invoker": "~1.1",
                "phpunit/phpunit": "~4.5",
                "squizlabs/php_codesniffer": "~2.3"
            },
            "suggest": {
                "mdanter/ecc": "Required to use Elliptic Curves based algorithms."
            },
            "type": "library",
            "extra": {
                "branch-alias": {
                    "dev-master": "3.1-dev"
                }
            },
            "autoload": {
                "psr-4": {
                    "Lcobucci\\JWT\\": "src"
                }
            },
            "notification-url": "https://packagist.org/downloads/",
            "license": [
                "BSD-3-Clause"
            ],
            "authors": [
                {
                    "name": "Luís Otávio Cobucci Oblonczyk",
                    "email": "lcobucci@gmail.com",
                    "role": "Developer"
                }
            ],
            "description": "A simple library to work with JSON Web Token and JSON Web Signature",
            "keywords": [
                "JWS",
                "jwt"
            ],
            "time": "2018-08-03T11:23:50+00:00"
        },
        {
            "name": "netresearch/jsonmapper",
            "version": "v1.4.0",
            "source": {
                "type": "git",
                "url": "https://github.com/cweiske/jsonmapper.git",
                "reference": "3868fe1128ce1169228acdb623359dca74db5ef3"
            },
            "dist": {
                "type": "zip",
                "url": "https://api.github.com/repos/cweiske/jsonmapper/zipball/3868fe1128ce1169228acdb623359dca74db5ef3",
                "reference": "3868fe1128ce1169228acdb623359dca74db5ef3",
                "shasum": ""
            },
            "require": {
                "php": ">=5.6"
            },
            "require-dev": {
                "phpunit/phpunit": "~4.8.35 || ~5.7 || ~6.4",
                "squizlabs/php_codesniffer": "~1.5"
            },
            "type": "library",
            "autoload": {
                "psr-0": {
                    "JsonMapper": "src/"
                }
            },
            "notification-url": "https://packagist.org/downloads/",
            "license": [
                "OSL-3.0"
            ],
            "authors": [
                {
                    "name": "Christian Weiske",
                    "email": "cweiske@cweiske.de",
                    "homepage": "http://github.com/cweiske/jsonmapper/",
                    "role": "Developer"
                }
            ],
            "description": "Map nested JSON structures onto PHP classes",
            "time": "2017-11-28T21:30:01+00:00"
        }
    ],
    "packages-dev": [
        {
            "name": "braga/dao-generator",
            "version": "2.5.19",
            "source": {
                "type": "git",
                "url": "https://github.com/tgajewski007/BragaDaoGenerator.git",
                "reference": "be5043f247f8d0164cf87a67b4b3375fbb8515a4"
            },
            "dist": {
                "type": "zip",
                "url": "https://api.github.com/repos/tgajewski007/BragaDaoGenerator/zipball/be5043f247f8d0164cf87a67b4b3375fbb8515a4",
                "reference": "be5043f247f8d0164cf87a67b4b3375fbb8515a4",
                "shasum": ""
            },
            "require": {
                "braga/db": "~2"
            },
            "require-dev": {
                "phpunit/phpunit": "3.7.38"
            },
            "type": "dao-generator",
            "autoload": {
                "psr-4": {
                    "braga\\daogenerator\\": "src"
                }
            },
            "notification-url": "https://packagist.org/downloads/",
            "license": [
                "MIT"
            ],
            "authors": [
                {
                    "name": "Tomasz Gajewski",
                    "email": "tgajewski007@gmail.com",
                    "role": "Developer"
                }
            ],
            "description": "Object DAO generator",
            "homepage": "https://sourceforge.net/projects/simplephpdaogen/",
            "keywords": [
                "dao",
                "generator",
                "orm"
            ],
            "time": "2018-07-04T17:28:01+00:00"
        }
    ],
    "aliases": [],
    "minimum-stability": "stable",
    "stability-flags": [],
    "prefer-stable": false,
    "prefer-lowest": false,
    "platform": [],
    "platform-dev": []
}
